
Microsoft Visual Studio Solution File, Format Version 12.00
# Visual Studio Version 17
VisualStudioVersion = 17.14.36221.1 d17.14
MinimumVisualStudioVersion = 10.0.40219.1
Project("{FAE04EC0-301F-11D3-BF4B-00C04F79EFBC}") = "C#adv03", "ConsoleApp1\C#adv03.csproj", "{079B8295-0660-49ED-A537-8F02314D2478}"
EndProject
Global
	GlobalSection(SolutionConfigurationPlatforms) = preSolution
		Debug|Any CPU = Debug|Any CPU
		Release|Any CPU = Release|Any CPU
	EndGlobalSection
	GlobalSection(ProjectConfigurationPlatforms) = postSolution
		{079B8295-0660-49ED-A537-8F02314D2478}.Debug|Any CPU.ActiveCfg = Debug|Any CPU
		{079B8295-0660-49ED-A537-8F02314D2478}.Debug|Any CPU.Build.0 = Debug|Any CPU
		{079B8295-0660-49ED-A537-8F02314D2478}.Release|Any CPU.ActiveCfg = Release|Any CPU
		{079B8295-0660-49ED-A537-8F02314D2478}.Release|Any CPU.Build.0 = Release|Any CPU
	EndGlobalSection
	GlobalSection(SolutionProperties) = preSolution
		HideSolutionNode = FALSE
	EndGlobalSection
	GlobalSection(ExtensibilityGlobals) = postSolution
		SolutionGuid = {5872FCCA-4895-4C69-B9E0-7624D685C810}
	EndGlobalSection
EndGlobal
